
Microsoft Visual Studio Solution File, Format Version 12.00
# Visual Studio Version 17
VisualStudioVersion = 17.11.35327.3
MinimumVisualStudioVersion = 10.0.40219.1
Project("{9A19103F-16F7-4668-BE54-9A1E7A4F7556}") = "Wildblood.Tactics", "Wildblood.Tactics\Wildblood.Tactics\Wildblood.Tactics.csproj", "{A9625BC2-1732-4DD8-836A-08554ACBF5C4}"
EndProject
Project("{9A19103F-16F7-4668-BE54-9A1E7A4F7556}") = "Wildblood.Tactics.Client", "Wildblood.Tactics\Wildblood.Tactics.Client\Wildblood.Tactics.Client.csproj", "{8D8C0981-EDB2-4BD8-B935-7B2CCFDFAD37}"
EndProject
Project("{E53339B2-1760-4266-BCC7-CA923CBCF16C}") = "docker-compose", "docker-compose.dcproj", "{36F5324F-4197-4DAA-8B22-C37C3424141F}"
EndProject
Global
	GlobalSection(SolutionConfigurationPlatforms) = preSolution
		Debug|Any CPU = Debug|Any CPU
		Release|Any CPU = Release|Any CPU
	EndGlobalSection
	GlobalSection(ProjectConfigurationPlatforms) = postSolution
		{A9625BC2-1732-4DD8-836A-08554ACBF5C4}.Debug|Any CPU.ActiveCfg = Debug|Any CPU
		{A9625BC2-1732-4DD8-836A-08554ACBF5C4}.Debug|Any CPU.Build.0 = Debug|Any CPU
		{A9625BC2-1732-4DD8-836A-08554ACBF5C4}.Release|Any CPU.ActiveCfg = Release|Any CPU
		{A9625BC2-1732-4DD8-836A-08554ACBF5C4}.Release|Any CPU.Build.0 = Release|Any CPU
		{8D8C0981-EDB2-4BD8-B935-7B2CCFDFAD37}.Debug|Any CPU.ActiveCfg = Debug|Any CPU
		{8D8C0981-EDB2-4BD8-B935-7B2CCFDFAD37}.Debug|Any CPU.Build.0 = Debug|Any CPU
		{8D8C0981-EDB2-4BD8-B935-7B2CCFDFAD37}.Release|Any CPU.ActiveCfg = Release|Any CPU
		{8D8C0981-EDB2-4BD8-B935-7B2CCFDFAD37}.Release|Any CPU.Build.0 = Release|Any CPU
		{36F5324F-4197-4DAA-8B22-C37C3424141F}.Debug|Any CPU.ActiveCfg = Debug|Any CPU
		{36F5324F-4197-4DAA-8B22-C37C3424141F}.Debug|Any CPU.Build.0 = Debug|Any CPU
		{36F5324F-4197-4DAA-8B22-C37C3424141F}.Release|Any CPU.ActiveCfg = Release|Any CPU
		{36F5324F-4197-4DAA-8B22-C37C3424141F}.Release|Any CPU.Build.0 = Release|Any CPU
	EndGlobalSection
	GlobalSection(SolutionProperties) = preSolution
		HideSolutionNode = FALSE
	EndGlobalSection
	GlobalSection(ExtensibilityGlobals) = postSolution
		SolutionGuid = {3C4BBC9A-3077-4229-A820-3B1CA5442760}
	EndGlobalSection
EndGlobal
