
Microsoft Visual Studio Solution File, Format Version 12.00
# Visual Studio Version 17
VisualStudioVersion = 17.5.002.0
MinimumVisualStudioVersion = 10.0.40219.1
Project("{9A19103F-16F7-4668-BE54-9A1E7A4F7556}") = "Wildblood.Tactics.Client", "Wildblood.Tactics.Client\Wildblood.Tactics.Client.csproj", "{237D427E-9EA7-4490-A5CA-0A63F9BCB5CD}"
EndProject
Project("{9A19103F-16F7-4668-BE54-9A1E7A4F7556}") = "Wildblood.Tactics", "Wildblood.Tactics\Wildblood.Tactics.csproj", "{0CACA71F-4E5C-448D-9203-E6305D0444B9}"
EndProject
Global
	GlobalSection(SolutionConfigurationPlatforms) = preSolution
		Debug|Any CPU = Debug|Any CPU
		Release|Any CPU = Release|Any CPU
	EndGlobalSection
	GlobalSection(ProjectConfigurationPlatforms) = postSolution
		{237D427E-9EA7-4490-A5CA-0A63F9BCB5CD}.Debug|Any CPU.ActiveCfg = Debug|Any CPU
		{237D427E-9EA7-4490-A5CA-0A63F9BCB5CD}.Debug|Any CPU.Build.0 = Debug|Any CPU
		{237D427E-9EA7-4490-A5CA-0A63F9BCB5CD}.Release|Any CPU.ActiveCfg = Release|Any CPU
		{237D427E-9EA7-4490-A5CA-0A63F9BCB5CD}.Release|Any CPU.Build.0 = Release|Any CPU
		{0CACA71F-4E5C-448D-9203-E6305D0444B9}.Debug|Any CPU.ActiveCfg = Debug|Any CPU
		{0CACA71F-4E5C-448D-9203-E6305D0444B9}.Debug|Any CPU.Build.0 = Debug|Any CPU
		{0CACA71F-4E5C-448D-9203-E6305D0444B9}.Release|Any CPU.ActiveCfg = Release|Any CPU
		{0CACA71F-4E5C-448D-9203-E6305D0444B9}.Release|Any CPU.Build.0 = Release|Any CPU
	EndGlobalSection
	GlobalSection(SolutionProperties) = preSolution
		HideSolutionNode = FALSE
	EndGlobalSection
	GlobalSection(ExtensibilityGlobals) = postSolution
		SolutionGuid = {32329098-2100-4655-84A1-431AE956E145}
	EndGlobalSection
EndGlobal
